
Microsoft Visual Studio Solution File, Format Version 12.00
# Visual Studio Version 17
VisualStudioVersion = 17.10.35122.118
MinimumVisualStudioVersion = 10.0.40219.1
Project("{FAE04EC0-301F-11D3-BF4B-00C04F79EFBC}") = "Complaint Portal", "Complaint Portal.csproj", "{80F4BD7B-5A05-4A82-A43A-26FF9A6FB528}"
EndProject
Global
	GlobalSection(SolutionConfigurationPlatforms) = preSolution
		Debug|Any CPU = Debug|Any CPU
		Release|Any CPU = Release|Any CPU
	EndGlobalSection
	GlobalSection(ProjectConfigurationPlatforms) = postSolution
		{80F4BD7B-5A05-4A82-A43A-26FF9A6FB528}.Debug|Any CPU.ActiveCfg = Debug|Any CPU
		{80F4BD7B-5A05-4A82-A43A-26FF9A6FB528}.Debug|Any CPU.Build.0 = Debug|Any CPU
		{80F4BD7B-5A05-4A82-A43A-26FF9A6FB528}.Debug|Any CPU.Deploy.0 = Debug|Any CPU
		{80F4BD7B-5A05-4A82-A43A-26FF9A6FB528}.Release|Any CPU.ActiveCfg = Release|Any CPU
		{80F4BD7B-5A05-4A82-A43A-26FF9A6FB528}.Release|Any CPU.Build.0 = Release|Any CPU
		{80F4BD7B-5A05-4A82-A43A-26FF9A6FB528}.Release|Any CPU.Deploy.0 = Release|Any CPU
	EndGlobalSection
	GlobalSection(SolutionProperties) = preSolution
		HideSolutionNode = FALSE
	EndGlobalSection
	GlobalSection(ExtensibilityGlobals) = postSolution
		SolutionGuid = {BBA52D99-4585-465B-BC9B-4CA384D31242}
	EndGlobalSection
EndGlobal
